
Microsoft Visual Studio Solution File, Format Version 12.00
# Visual Studio 15
VisualStudioVersion = 15.0.27703.2000
MinimumVisualStudioVersion = 10.0.40219.1
Project("{FAE04EC0-301F-11D3-BF4B-00C04F79EFBC}") = "LightController", "LightController\LightController.csproj", "{AEA66286-F19D-4C60-9FDB-232BDDD97F2C}"
EndProject
Global
	GlobalSection(SolutionConfigurationPlatforms) = preSolution
		Debug|Any CPU = Debug|Any CPU
		Release|Any CPU = Release|Any CPU
	EndGlobalSection
	GlobalSection(ProjectConfigurationPlatforms) = postSolution
		{AEA66286-F19D-4C60-9FDB-232BDDD97F2C}.Debug|Any CPU.ActiveCfg = Debug|Any CPU
		{AEA66286-F19D-4C60-9FDB-232BDDD97F2C}.Debug|Any CPU.Build.0 = Debug|Any CPU
		{AEA66286-F19D-4C60-9FDB-232BDDD97F2C}.Release|Any CPU.ActiveCfg = Release|Any CPU
		{AEA66286-F19D-4C60-9FDB-232BDDD97F2C}.Release|Any CPU.Build.0 = Release|Any CPU
	EndGlobalSection
	GlobalSection(SolutionProperties) = preSolution
		HideSolutionNode = FALSE
	EndGlobalSection
	GlobalSection(ExtensibilityGlobals) = postSolution
		SolutionGuid = {87E9ABB0-22BB-4BEF-81A9-B60CDA5C3A1C}
	EndGlobalSection
EndGlobal
